
Microsoft Visual Studio Solution File, Format Version 12.00
# Visual Studio Version 17
VisualStudioVersion = 17.6.33829.357
MinimumVisualStudioVersion = 10.0.40219.1
Project("{FAE04EC0-301F-11D3-BF4B-00C04F79EFBC}") = "GRUPOD 9y10", "GRUPOD 9y10.csproj", "{1520B2C4-4D7E-480D-A2A0-1ADC334DE775}"
EndProject
Global
	GlobalSection(SolutionConfigurationPlatforms) = preSolution
		Debug|Any CPU = Debug|Any CPU
		Release|Any CPU = Release|Any CPU
	EndGlobalSection
	GlobalSection(ProjectConfigurationPlatforms) = postSolution
		{1520B2C4-4D7E-480D-A2A0-1ADC334DE775}.Debug|Any CPU.ActiveCfg = Debug|Any CPU
		{1520B2C4-4D7E-480D-A2A0-1ADC334DE775}.Debug|Any CPU.Build.0 = Debug|Any CPU
		{1520B2C4-4D7E-480D-A2A0-1ADC334DE775}.Release|Any CPU.ActiveCfg = Release|Any CPU
		{1520B2C4-4D7E-480D-A2A0-1ADC334DE775}.Release|Any CPU.Build.0 = Release|Any CPU
	EndGlobalSection
	GlobalSection(SolutionProperties) = preSolution
		HideSolutionNode = FALSE
	EndGlobalSection
	GlobalSection(ExtensibilityGlobals) = postSolution
		SolutionGuid = {FFFB3DFE-89F2-4167-982D-B2D96C1EA770}
	EndGlobalSection
EndGlobal
